schema: '2.0'
stages:
  get_data:
    cmd: python src/get_data.py
    deps:
    - path: src/get_data.py
      md5: 9370dd9941348eb350ffe8ecf881c6b1
      size: 532
    outs:
    - path: smsspamcollection
      md5: 5a84bb806c75cbc704c9fb17e1ba8e44.dir
      size: 604940
      nfiles: 3
  preprocess:
    cmd: python src/text_preprocessing.py
    deps:
    - path: smsspamcollection
      md5: 5a84bb806c75cbc704c9fb17e1ba8e44.dir
      size: 604940
      nfiles: 3
    - path: src/text_preprocessing.py
      md5: ed0b9c3b0ff2d70215f4e58f517a46cf
      size: 2620
    outs:
    - path: output/preprocessed_data.joblib
      md5: ea5b0f1cdab8ead73b258cc8ba098079
      size: 374988
    - path: output/preprocessor.joblib
      md5: 46cd1aa38e422ceee0928657c8ea628d
      size: 162636
  train:
    cmd: python src/text_classification.py
    deps:
    - path: output/preprocessed_data.joblib
      md5: ea5b0f1cdab8ead73b258cc8ba098079
      size: 374988
    - path: src/text_classification.py
      md5: fbe97a74b281e036668276e2956d06ca
      size: 3630
    outs:
    - path: output/accuracy_scores.png
      md5: a50a7874e4a667a56ca8da2971cebcb6
      size: 23944
    - path: output/metrics.json
      md5: 753363b8dc1239b4f32446760e3eeee9
      size: 32
    - path: output/misclassified_msgs.txt
      md5: 72e6e2f0eb70d70c64d99362c2bebc3a
      size: 70231
    - path: output/model.joblib
      md5: 2a23b598f69d536675704b014753a8d4
      size: 11226
