schema: '2.0'
stages:
  get_data:
    cmd: python src/get_data.py
    deps:
    - path: src/get_data.py
      md5: 9370dd9941348eb350ffe8ecf881c6b1
      size: 532
    outs:
    - path: smsspamcollection
      md5: 5a84bb806c75cbc704c9fb17e1ba8e44.dir
      size: 604940
      nfiles: 3
  preprocess:
    cmd: python src/text_preprocessing.py
    deps:
    - path: smsspamcollection
      md5: 5a84bb806c75cbc704c9fb17e1ba8e44.dir
      size: 604940
      nfiles: 3
    - path: src/text_preprocessing.py
      md5: ed0b9c3b0ff2d70215f4e58f517a46cf
      size: 2620
    outs:
    - path: output/preprocessed_data.joblib
      md5: ea5b0f1cdab8ead73b258cc8ba098079
      size: 374988
    - path: output/preprocessor.joblib
      md5: 46cd1aa38e422ceee0928657c8ea628d
      size: 162636
  train:
    cmd: python -m src.text_classification
    deps:
    - path: output/preprocessed_data.joblib
      md5: ea5b0f1cdab8ead73b258cc8ba098079
      size: 374988
    - path: src/text_classification.py
      md5: 05500535cc6e596544b56a7c641fa1d2
      size: 3803
    outs:
    - path: output/accuracy_scores.png
      md5: 40ecd107ad4d082724c9c701d0ebbfba
      size: 23985
    - path: output/metrics.json
      md5: cd74b9cefd585506c1e14bb9d92aa097
      size: 32
    - path: output/misclassified_msgs.txt
      md5: 736cd44e7ad433d17b92719ef4ea5dba
      size: 65748
    - path: output/model.joblib
      md5: 74ffdb3d1bfb3a7ee1e246b4eec162a5
      size: 11946
